
Microsoft Visual Studio Solution File, Format Version 12.00
# Visual Studio Version 17
VisualStudioVersion = 17.5.002.0
MinimumVisualStudioVersion = 10.0.40219.1
Project("{9A19103F-16F7-4668-BE54-9A1E7A4F7556}") = "SeriesTv", "SeriesTv.csproj", "{030C3776-96CF-433E-BBCE-C2EBF84AA419}"
EndProject
Global
	GlobalSection(SolutionConfigurationPlatforms) = preSolution
		Debug|Any CPU = Debug|Any CPU
		Release|Any CPU = Release|Any CPU
	EndGlobalSection
	GlobalSection(ProjectConfigurationPlatforms) = postSolution
		{030C3776-96CF-433E-BBCE-C2EBF84AA419}.Debug|Any CPU.ActiveCfg = Debug|Any CPU
		{030C3776-96CF-433E-BBCE-C2EBF84AA419}.Debug|Any CPU.Build.0 = Debug|Any CPU
		{030C3776-96CF-433E-BBCE-C2EBF84AA419}.Release|Any CPU.ActiveCfg = Release|Any CPU
		{030C3776-96CF-433E-BBCE-C2EBF84AA419}.Release|Any CPU.Build.0 = Release|Any CPU
	EndGlobalSection
	GlobalSection(SolutionProperties) = preSolution
		HideSolutionNode = FALSE
	EndGlobalSection
	GlobalSection(ExtensibilityGlobals) = postSolution
		SolutionGuid = {670272BA-66EC-47E2-8700-CD38340E391C}
	EndGlobalSection
EndGlobal
